
Microsoft Visual Studio Solution File, Format Version 12.00
# Visual Studio Version 16
VisualStudioVersion = 16.0.31005.135
MinimumVisualStudioVersion = 10.0.40219.1
Project("{FAE04EC0-301F-11D3-BF4B-00C04F79EFBC}") = "GifDownloader", "GifDownloader.csproj", "{EF92A2E5-B09C-4972-9C7A-AA05FCAFF747}"
EndProject
Global
	GlobalSection(SolutionConfigurationPlatforms) = preSolution
		Debug|Any CPU = Debug|Any CPU
		Release|Any CPU = Release|Any CPU
	EndGlobalSection
	GlobalSection(ProjectConfigurationPlatforms) = postSolution
		{EF92A2E5-B09C-4972-9C7A-AA05FCAFF747}.Debug|Any CPU.ActiveCfg = Debug|Any CPU
		{EF92A2E5-B09C-4972-9C7A-AA05FCAFF747}.Debug|Any CPU.Build.0 = Debug|Any CPU
		{EF92A2E5-B09C-4972-9C7A-AA05FCAFF747}.Release|Any CPU.ActiveCfg = Release|Any CPU
		{EF92A2E5-B09C-4972-9C7A-AA05FCAFF747}.Release|Any CPU.Build.0 = Release|Any CPU
	EndGlobalSection
	GlobalSection(SolutionProperties) = preSolution
		HideSolutionNode = FALSE
	EndGlobalSection
	GlobalSection(ExtensibilityGlobals) = postSolution
		SolutionGuid = {E4861D84-12DB-41AF-917F-10C74F6F353D}
	EndGlobalSection
EndGlobal
